{
  "nodes": {
    "aquamarine": {
      "inputs": {
        "hyprutils": [
          "hyprland",
          "hyprutils"
        ],
        "hyprwayland-scanner": [
          "hyprland",
          "hyprwayland-scanner"
        ],
        "nixpkgs": [
          "hyprland",
          "nixpkgs"
        ],
        "systems": [
          "hyprland",
          "systems"
        ]
      },
      "locked": {
        "lastModified": 1784368054,
        "narHash": "sha256-zF1iJkBQSDWmRO4/LEeHR1SpKY0lqZaxkoQJpPS9K9U=",
        "owner": "hyprwm",
        "repo": "aquamarine",
        "rev": "9b5f14d9483445e766294eb8fbe0b8f370269ed0",
        "type": "github"
      },
      "original": {
        "owner": "hyprwm",
        "repo": "aquamarine",
        "type": "github"
      }
    },
    "dank-qml-common": {
      "flake": false,
      "locked": {
        "lastModified": 1784386873,
        "narHash": "sha256-n0LKLirPnNSXYxElK1IpnybEwU0nnyso4kpsEFX88U0=",
        "owner": "AvengeMedia",
        "repo": "dank-qml-common",
        "rev": "4fa313766ab5cd2766be0f87a163305ca9af6faf",
        "type": "github"
      },
      "original": {
        "owner": "AvengeMedia",
        "repo": "dank-qml-common",
        "type": "github"
      }
    },
    "dms": {
      "inputs": {
        "dank-qml-common": "dank-qml-common",
        "flake-compat": "flake-compat",
        "nixpkgs": [
          "nixpkgs"
        ]
      },
      "locked": {
        "lastModified": 1784403741,
        "narHash": "sha256-ppzoTAAIW7x0y3z3JHHq1LKwH6dvzMY7cVKifCaKdqU=",
        "owner": "AvengeMedia",
        "repo": "DankMaterialShell",
        "rev": "069df80b22996adaff5d2f1afa96fa8d50d7a1f6",
        "type": "github"
      },
      "original": {
        "owner": "AvengeMedia",
        "repo": "DankMaterialShell",
        "type": "github"
      }
    },
    "flake-compat": {
      "flake": false,
      "locked": {
        "lastModified": 1767039857,
        "narHash": "sha256-vNpUSpF5Nuw8xvDLj2KCwwksIbjua2LZCqhV1LNRDns=",
        "owner": "NixOS",
        "repo": "flake-compat",
        "rev": "5edf11c44bc78a0d334f6334cdaf7d60d732daab",
        "type": "github"
      },
      "original": {
        "owner": "NixOS",
        "repo": "flake-compat",
        "type": "github"
      }
    },
    "flake-compat_2": {
      "flake": false,
      "locked": {
        "lastModified": 1767039857,
        "narHash": "sha256-vNpUSpF5Nuw8xvDLj2KCwwksIbjua2LZCqhV1LNRDns=",
        "owner": "NixOS",
        "repo": "flake-compat",
        "rev": "5edf11c44bc78a0d334f6334cdaf7d60d732daab",
        "type": "github"
      },
      "original": {
        "owner": "NixOS",
        "repo": "flake-compat",
        "type": "github"
      }
    },
    "focus-editor": {
      "inputs": {
        "nixpkgs": [
          "nixpkgs"
        ]
      },
      "locked": {
        "path": "./pkgs/focus",
        "type": "path"
      },
      "original": {
        "path": "./pkgs/focus",
        "type": "path"
      },
      "parent": []
    },
    "hyprcursor": {
      "inputs": {
        "hyprlang": [
          "hyprland",
          "hyprlang"
        ],
        "nixpkgs": [
          "hyprland",
          "nixpkgs"
        ],
        "systems": [
          "hyprland",
          "systems"
        ]
      },
      "locked": {
        "lastModified": 1776511930,
        "narHash": "sha256-fCpwFiTW0rT7oKJqr3cqHMnkwypSwQKpbtUEtxdkgrM=",
        "owner": "hyprwm",
        "repo": "hyprcursor",
        "rev": "39435900785d0c560c6ae8777d29f28617d031ef",
        "type": "github"
      },
      "original": {
        "owner": "hyprwm",
        "repo": "hyprcursor",
        "type": "github"
      }
    },
    "hyprgraphics": {
      "inputs": {
        "hyprutils": [
          "hyprland",
          "hyprutils"
        ],
        "nixpkgs": [
          "hyprland",
          "nixpkgs"
        ],
        "systems": [
          "hyprland",
          "systems"
        ]
      },
      "locked": {
        "lastModified": 1782566056,
        "narHash": "sha256-haEZcHzYrePnjFOYSWTbxm/Nrla0aPslJfmvdCvqtVc=",
        "owner": "hyprwm",
        "repo": "hyprgraphics",
        "rev": "c6e7b9f673f4360bc813d3dc75028f75ee88d3f8",
        "type": "github"
      },
      "original": {
        "owner": "hyprwm",
        "repo": "hyprgraphics",
        "type": "github"
      }
    },
    "hyprland": {
      "inputs": {
        "aquamarine": "aquamarine",
        "hyprcursor": "hyprcursor",
        "hyprgraphics": "hyprgraphics",
        "hyprland-guiutils": "hyprland-guiutils",
        "hyprland-protocols": "hyprland-protocols",
        "hyprlang": "hyprlang",
        "hyprutils": "hyprutils",
        "hyprwayland-scanner": "hyprwayland-scanner",
        "hyprwire": "hyprwire",
        "nixpkgs": [
          "nixpkgs"
        ],
        "pre-commit-hooks": "pre-commit-hooks",
        "systems": "systems",
        "xdph": "xdph"
      },
      "locked": {
        "lastModified": 1784533848,
        "narHash": "sha256-1dt2IyLBRn9ji79xxv82/Gh7semHCk8cjajtg72sWGI=",
        "owner": "hyprwm",
        "repo": "Hyprland",
        "rev": "36b2e0cfe0c6094dbc47bd42a437431315bb3087",
        "type": "github"
      },
      "original": {
        "owner": "hyprwm",
        "repo": "Hyprland",
        "type": "github"
      }
    },
    "hyprland-guiutils": {
      "inputs": {
        "aquamarine": [
          "hyprland",
          "aquamarine"
        ],
        "hyprgraphics": [
          "hyprland",
          "hyprgraphics"
        ],
        "hyprlang": [
          "hyprland",
          "hyprlang"
        ],
        "hyprtoolkit": "hyprtoolkit",
        "hyprutils": [
          "hyprland",
          "hyprutils"
        ],
        "hyprwayland-scanner": [
          "hyprland",
          "hyprwayland-scanner"
        ],
        "nixpkgs": [
          "hyprland",
          "nixpkgs"
        ],
        "systems": [
          "hyprland",
          "systems"
        ]
      },
      "locked": {
        "lastModified": 1784196523,
        "narHash": "sha256-ahtKMGXFJdlQNhatQm1+BBU/pGfGYnAqQt3vWvq4p8s=",
        "owner": "hyprwm",
        "repo": "hyprland-guiutils",
        "rev": "a6ccb6cb112ed5a244c0191fb972347ecfa893e0",
        "type": "github"
      },
      "original": {
        "owner": "hyprwm",
        "repo": "hyprland-guiutils",
        "type": "github"
      }
    },
    "hyprland-protocols": {
      "inputs": {
        "nixpkgs": [
          "hyprland",
          "nixpkgs"
        ],
        "systems": [
          "hyprland",
          "systems"
        ]
      },
      "locked": {
        "lastModified": 1772460177,
        "narHash": "sha256-/6G/MsPvtn7bc4Y32pserBT/Z4SUUdBd4XYJpOEKVR4=",
        "owner": "hyprwm",
        "repo": "hyprland-protocols",
        "rev": "1cb6db5fd6bb8aee419f4457402fa18293ace917",
        "type": "github"
      },
      "original": {
        "owner": "hyprwm",
        "repo": "hyprland-protocols",
        "type": "github"
      }
    },
    "hyprlang": {
      "inputs": {
        "hyprutils": [
          "hyprland",
          "hyprutils"
        ],
        "nixpkgs": [
          "hyprland",
          "nixpkgs"
        ],
        "systems": [
          "hyprland",
          "systems"
        ]
      },
      "locked": {
        "lastModified": 1777320127,
        "narHash": "sha256-Qu+Wf2Bp5qUjyn2YpZNq8a7JyzTGowhT1knrwE38a9U=",
        "owner": "hyprwm",
        "repo": "hyprlang",
        "rev": "090117506ddc3d7f26e650ff344d378c2ec329cc",
        "type": "github"
      },
      "original": {
        "owner": "hyprwm",
        "repo": "hyprlang",
        "type": "github"
      }
    },
    "hyprlang_2": {
      "inputs": {
        "hyprutils": [
          "hyprpwcenter",
          "hyprtoolkit",
          "hyprutils"
        ],
        "nixpkgs": [
          "hyprpwcenter",
          "hyprtoolkit",
          "nixpkgs"
        ],
        "systems": [
          "hyprpwcenter",
          "hyprtoolkit",
          "systems"
        ]
      },
      "locked": {
        "lastModified": 1772459629,
        "narHash": "sha256-/iwvNUYShmmnwmz/czEUh6+0eF5vCMv0xtDW0STPIuM=",
        "owner": "hyprwm",
        "repo": "hyprlang",
        "rev": "7615ee388de18239a4ab1400946f3d0e498a8186",
        "type": "github"
      },
      "original": {
        "owner": "hyprwm",
        "repo": "hyprlang",
        "type": "github"
      }
    },
    "hyprpwcenter": {
      "inputs": {
        "aquamarine": [
          "hyprland",
          "aquamarine"
        ],
        "hyprgraphics": [
          "hyprland",
          "hyprgraphics"
        ],
        "hyprtoolkit": "hyprtoolkit_2",
        "hyprutils": [
          "hyprland",
          "hyprutils"
        ],
        "nixpkgs": "nixpkgs",
        "systems": [
          "hyprland",
          "systems"
        ]
      },
      "locked": {
        "lastModified": 1777466450,
        "narHash": "sha256-Cc4VrGCATtl2UNBaLXLSxxymEkncQ9BFk5wHXF0OqsQ=",
        "owner": "hyprwm",
        "repo": "hyprpwcenter",
        "rev": "fd4fd52bd3fe7fbefa23a93acf44cd8b9a2a0a0b",
        "type": "github"
      },
      "original": {
        "owner": "hyprwm",
        "repo": "hyprpwcenter",
        "type": "github"
      }
    },
    "hyprtoolkit": {
      "inputs": {
        "aquamarine": [
          "hyprland",
          "hyprland-guiutils",
          "aquamarine"
        ],
        "hyprgraphics": [
          "hyprland",
          "hyprland-guiutils",
          "hyprgraphics"
        ],
        "hyprlang": [
          "hyprland",
          "hyprland-guiutils",
          "hyprlang"
        ],
        "hyprutils": [
          "hyprland",
          "hyprland-guiutils",
          "hyprutils"
        ],
        "hyprwayland-scanner": [
          "hyprland",
          "hyprland-guiutils",
          "hyprwayland-scanner"
        ],
        "nixpkgs": [
          "hyprland",
          "hyprland-guiutils",
          "nixpkgs"
        ],
        "systems": [
          "hyprland",
          "hyprland-guiutils",
          "systems"
        ]
      },
      "locked": {
        "lastModified": 1782554491,
        "narHash": "sha256-+p3MlyN/nqRefcf2IckPlGRUn9+hielqpS9XClbLleM=",
        "owner": "hyprwm",
        "repo": "hyprtoolkit",
        "rev": "bdba25ced39ea39ab004a8f31593ba0b0ff1ca35",
        "type": "github"
      },
      "original": {
        "owner": "hyprwm",
        "repo": "hyprtoolkit",
        "type": "github"
      }
    },
    "hyprtoolkit_2": {
      "inputs": {
        "aquamarine": [
          "hyprpwcenter",
          "aquamarine"
        ],
        "hyprgraphics": [
          "hyprpwcenter",
          "hyprgraphics"
        ],
        "hyprlang": "hyprlang_2",
        "hyprutils": [
          "hyprpwcenter",
          "hyprutils"
        ],
        "hyprwayland-scanner": "hyprwayland-scanner_2",
        "nixpkgs": [
          "hyprpwcenter",
          "nixpkgs"
        ],
        "systems": [
          "hyprpwcenter",
          "systems"
        ]
      },
      "locked": {
        "lastModified": 1772462885,
        "narHash": "sha256-5pHXrQK9zasMnIo6yME6EOXmWGFMSnCITcfKshhKJ9I=",
        "owner": "hyprwm",
        "repo": "hyprtoolkit",
        "rev": "9af245a69fa6b286b88ddfc340afd288e00a6998",
        "type": "github"
      },
      "original": {
        "owner": "hyprwm",
        "repo": "hyprtoolkit",
        "type": "github"
      }
    },
    "hyprutils": {
      "inputs": {
        "nixpkgs": [
          "hyprland",
          "nixpkgs"
        ],
        "systems": [
          "hyprland",
          "systems"
        ]
      },
      "locked": {
        "lastModified": 1784323413,
        "narHash": "sha256-XnAVV+H4f8Xdv0yZcSwJ5kCjLyE8fHxPeLX6a3HSrAU=",
        "owner": "hyprwm",
        "repo": "hyprutils",
        "rev": "5f03477ab3a005ff27c527486f551883535aea2f",
        "type": "github"
      },
      "original": {
        "owner": "hyprwm",
        "repo": "hyprutils",
        "type": "github"
      }
    },
    "hyprwayland-scanner": {
      "inputs": {
        "nixpkgs": [
          "hyprland",
          "nixpkgs"
        ],
        "systems": [
          "hyprland",
          "systems"
        ]
      },
      "locked": {
        "lastModified": 1777159683,
        "narHash": "sha256-Jxixw6wZphUp+nHYxOKUYSckL17QMBx2d5Zp0rJHr1g=",
        "owner": "hyprwm",
        "repo": "hyprwayland-scanner",
        "rev": "b8632713a6beaf28b56f2a7b0ab2fb7088dbb404",
        "type": "github"
      },
      "original": {
        "owner": "hyprwm",
        "repo": "hyprwayland-scanner",
        "type": "github"
      }
    },
    "hyprwayland-scanner_2": {
      "inputs": {
        "nixpkgs": [
          "hyprpwcenter",
          "hyprtoolkit",
          "nixpkgs"
        ],
        "systems": [
          "hyprpwcenter",
          "hyprtoolkit",
          "systems"
        ]
      },
      "locked": {
        "lastModified": 1772459835,
        "narHash": "sha256-978jRz/y/9TKmZb/qD4lEYHCQGHpEXGqy+8X2lFZsak=",
        "owner": "hyprwm",
        "repo": "hyprwayland-scanner",
        "rev": "0a692d4a645165eebd65f109146b8861e3a925e7",
        "type": "github"
      },
      "original": {
        "owner": "hyprwm",
        "repo": "hyprwayland-scanner",
        "type": "github"
      }
    },
    "hyprwire": {
      "inputs": {
        "hyprutils": [
          "hyprland",
          "hyprutils"
        ],
        "nixpkgs": [
          "hyprland",
          "nixpkgs"
        ],
        "systems": [
          "hyprland",
          "systems"
        ]
      },
      "locked": {
        "lastModified": 1778410714,
        "narHash": "sha256-o6RzFj4nJXaPRY7EM01siuCQeT41RfwwmcmFQqwFJJg=",
        "owner": "hyprwm",
        "repo": "hyprwire",
        "rev": "85148a8e612808cf5ddb25d0b3c5840f3498a7dc",
        "type": "github"
      },
      "original": {
        "owner": "hyprwm",
        "repo": "hyprwire",
        "type": "github"
      }
    },
    "lmpkgs": {
      "inputs": {
        "nixpkgs": [
          "nixpkgs"
        ]
      },
      "locked": {
        "lastModified": 1784410038,
        "narHash": "sha256-QUg6YTWwkQjiq256Dv5CtkcMyQPfsQjvae9rIyE/mHk=",
        "ref": "refs/heads/master",
        "rev": "dc2542e1ea465ca12c689d923a4352186d5ba4ba",
        "revCount": 7,
        "type": "git",
        "url": "ssh://git@ssh.git.ptrtoliam.dev:2222/liam/nix-pkgs.git"
      },
      "original": {
        "type": "git",
        "url": "ssh://git@ssh.git.ptrtoliam.dev:2222/liam/nix-pkgs.git"
      }
    },
    "nixpkgs": {
      "locked": {
        "lastModified": 1772433332,
        "narHash": "sha256-izhTDFKsg6KeVBxJS9EblGeQ8y+O8eCa6RcW874vxEc=",
        "owner": "NixOS",
        "repo": "nixpkgs",
        "rev": "cf59864ef8aa2e178cccedbe2c178185b0365705",
        "type": "github"
      },
      "original": {
        "owner": "NixOS",
        "ref": "nixos-unstable",
        "repo": "nixpkgs",
        "type": "github"
      }
    },
    "nixpkgs_2": {
      "locked": {
        "lastModified": 1784356753,
        "narHash": "sha256-12KrbMiWLcf8m7pCvAtZh1ZrgF85ZXDXvfR/fWTKy84=",
        "owner": "nixos",
        "repo": "nixpkgs",
        "rev": "61b7c44c4073f0b827768aff0049561b5110ea5a",
        "type": "github"
      },
      "original": {
        "owner": "nixos",
        "ref": "nixos-unstable",
        "repo": "nixpkgs",
        "type": "github"
      }
    },
    "pre-commit-hooks": {
      "inputs": {
        "flake-compat": "flake-compat_2",
        "nixpkgs": [
          "hyprland",
          "nixpkgs"
        ]
      },
      "locked": {
        "lastModified": 1784288435,
        "narHash": "sha256-ReRHaLgr/uVqdD8afFSn+myXIfpHeOhP0yYe0TJqAA8=",
        "owner": "cachix",
        "repo": "git-hooks.nix",
        "rev": "43b3c1ab9d40fb1dbb008f451988a91e375825e9",
        "type": "github"
      },
      "original": {
        "owner": "cachix",
        "repo": "git-hooks.nix",
        "type": "github"
      }
    },
    "root": {
      "inputs": {
        "dms": "dms",
        "focus-editor": "focus-editor",
        "hyprland": "hyprland",
        "hyprpwcenter": "hyprpwcenter",
        "lmpkgs": "lmpkgs",
        "nixpkgs": "nixpkgs_2"
      }
    },
    "systems": {
      "locked": {
        "lastModified": 1689347949,
        "narHash": "sha256-12tWmuL2zgBgZkdoB6qXZsgJEH9LR3oUgpaQq2RbI80=",
        "owner": "nix-systems",
        "repo": "default-linux",
        "rev": "31732fcf5e8fea42e59c2488ad31a0e651500f68",
        "type": "github"
      },
      "original": {
        "owner": "nix-systems",
        "repo": "default-linux",
        "type": "github"
      }
    },
    "xdph": {
      "inputs": {
        "hyprland-protocols": [
          "hyprland",
          "hyprland-protocols"
        ],
        "hyprlang": [
          "hyprland",
          "hyprlang"
        ],
        "hyprutils": [
          "hyprland",
          "hyprutils"
        ],
        "hyprwayland-scanner": [
          "hyprland",
          "hyprwayland-scanner"
        ],
        "nixpkgs": [
          "hyprland",
          "nixpkgs"
        ],
        "systems": [
          "hyprland",
          "systems"
        ]
      },
      "locked": {
        "lastModified": 1784371182,
        "narHash": "sha256-S8A1lezEalltWcCp3gAic5lssS0xTSISK6fKODefhOk=",
        "owner": "hyprwm",
        "repo": "xdg-desktop-portal-hyprland",
        "rev": "08d99f727944dd15e4740090305e31c5fb92a50a",
        "type": "github"
      },
      "original": {
        "owner": "hyprwm",
        "repo": "xdg-desktop-portal-hyprland",
        "type": "github"
      }
    }
  },
  "root": "root",
  "version": 7
}
