{
  "nodes": {
    "aquamarine": {
      "inputs": {
        "hyprutils": [
          "hyprland",
          "hyprutils"
        ],
        "hyprwayland-scanner": [
          "hyprland",
          "hyprwayland-scanner"
        ],
        "nixpkgs": [
          "hyprland",
          "nixpkgs"
        ],
        "systems": [
          "hyprland",
          "systems"
        ]
      },
      "locked": {
        "lastModified": 1762356719,
        "narHash": "sha256-qwd/xdoOya1m8FENle+4hWnydCtlXUWLAW/Auk6WL7s=",
        "owner": "hyprwm",
        "repo": "aquamarine",
        "rev": "6d0b3567584691bf9d8fedb5d0093309e2f979c7",
        "type": "github"
      },
      "original": {
        "owner": "hyprwm",
        "repo": "aquamarine",
        "type": "github"
      }
    },
    "aquamarine_2": {
      "inputs": {
        "hyprutils": [
          "hyprpwcenter",
          "hyprutils"
        ],
        "hyprwayland-scanner": "hyprwayland-scanner_2",
        "nixpkgs": [
          "hyprpwcenter",
          "nixpkgs"
        ],
        "systems": [
          "hyprpwcenter",
          "systems"
        ]
      },
      "locked": {
        "lastModified": 1761420899,
        "narHash": "sha256-kxGCip6GNbcbNWKu4J2iKbNYfFTS8Zbjg9CWp0zmFoM=",
        "owner": "hyprwm",
        "repo": "aquamarine",
        "rev": "62479232aae42c1ef09c2c027c8cfd91df060897",
        "type": "github"
      },
      "original": {
        "owner": "hyprwm",
        "repo": "aquamarine",
        "type": "github"
      }
    },
    "dankMaterialShell": {
      "inputs": {
        "dgop": "dgop",
        "nixpkgs": [
          "nixpkgs"
        ]
      },
      "locked": {
        "lastModified": 1763042087,
        "narHash": "sha256-8zxTTLmZBFaw7BsU4TdgPspHXgXO3rzCW1GqGgcL5uo=",
        "owner": "AvengeMedia",
        "repo": "DankMaterialShell",
        "rev": "76a60df88bc248c99212450626bf7a43d05faaf9",
        "type": "github"
      },
      "original": {
        "owner": "AvengeMedia",
        "repo": "DankMaterialShell",
        "type": "github"
      }
    },
    "dgop": {
      "inputs": {
        "nixpkgs": [
          "dankMaterialShell",
          "nixpkgs"
        ]
      },
      "locked": {
        "lastModified": 1762435535,
        "narHash": "sha256-QhzRn7pYN35IFpKjjxJAj3GPJECuC+VLhoGem3ezycc=",
        "owner": "AvengeMedia",
        "repo": "dgop",
        "rev": "6cf638dde818f9f8a2e26d0243179c43cb3458d7",
        "type": "github"
      },
      "original": {
        "owner": "AvengeMedia",
        "repo": "dgop",
        "type": "github"
      }
    },
    "flake-compat": {
      "flake": false,
      "locked": {
        "lastModified": 1747046372,
        "narHash": "sha256-CIVLLkVgvHYbgI2UpXvIIBJ12HWgX+fjA8Xf8PUmqCY=",
        "owner": "edolstra",
        "repo": "flake-compat",
        "rev": "9100a0f413b0c601e0533d1d94ffd501ce2e7885",
        "type": "github"
      },
      "original": {
        "owner": "edolstra",
        "repo": "flake-compat",
        "type": "github"
      }
    },
    "gitignore": {
      "inputs": {
        "nixpkgs": [
          "hyprland",
          "pre-commit-hooks",
          "nixpkgs"
        ]
      },
      "locked": {
        "lastModified": 1709087332,
        "narHash": "sha256-HG2cCnktfHsKV0s4XW83gU3F57gaTljL9KNSuG6bnQs=",
        "owner": "hercules-ci",
        "repo": "gitignore.nix",
        "rev": "637db329424fd7e46cf4185293b9cc8c88c95394",
        "type": "github"
      },
      "original": {
        "owner": "hercules-ci",
        "repo": "gitignore.nix",
        "type": "github"
      }
    },
    "home-manager": {
      "inputs": {
        "nixpkgs": [
          "nixpkgs"
        ]
      },
      "locked": {
        "lastModified": 1762367206,
        "narHash": "sha256-c/164YOPkV09BH8KIUdvVvJs3VF2LNIbE2piKGgXPxk=",
        "owner": "nix-community",
        "repo": "home-manager",
        "rev": "af119feb17cb242398e0fb97f92b867d25882522",
        "type": "github"
      },
      "original": {
        "owner": "nix-community",
        "repo": "home-manager",
        "type": "github"
      }
    },
    "hyprcursor": {
      "inputs": {
        "hyprlang": [
          "hyprland",
          "hyprlang"
        ],
        "nixpkgs": [
          "hyprland",
          "nixpkgs"
        ],
        "systems": [
          "hyprland",
          "systems"
        ]
      },
      "locked": {
        "lastModified": 1753964049,
        "narHash": "sha256-lIqabfBY7z/OANxHoPeIrDJrFyYy9jAM4GQLzZ2feCM=",
        "owner": "hyprwm",
        "repo": "hyprcursor",
        "rev": "44e91d467bdad8dcf8bbd2ac7cf49972540980a5",
        "type": "github"
      },
      "original": {
        "owner": "hyprwm",
        "repo": "hyprcursor",
        "type": "github"
      }
    },
    "hyprgraphics": {
      "inputs": {
        "hyprutils": [
          "hyprland",
          "hyprutils"
        ],
        "nixpkgs": [
          "hyprland",
          "nixpkgs"
        ],
        "systems": [
          "hyprland",
          "systems"
        ]
      },
      "locked": {
        "lastModified": 1762462052,
        "narHash": "sha256-6roLYzcDf4V38RUMSqycsOwAnqfodL6BmhRkUtwIgdA=",
        "owner": "hyprwm",
        "repo": "hyprgraphics",
        "rev": "ffc999d980c7b3bca85d3ebd0a9fbadf984a8162",
        "type": "github"
      },
      "original": {
        "owner": "hyprwm",
        "repo": "hyprgraphics",
        "type": "github"
      }
    },
    "hyprgraphics_2": {
      "inputs": {
        "hyprutils": [
          "hyprpwcenter",
          "hyprutils"
        ],
        "nixpkgs": [
          "hyprpwcenter",
          "nixpkgs"
        ],
        "systems": [
          "hyprpwcenter",
          "systems"
        ]
      },
      "locked": {
        "lastModified": 1760445448,
        "narHash": "sha256-fXGjL6dw31FPFRrmIemzGiNSlfvEJTJNsmadZi+qNhI=",
        "owner": "hyprwm",
        "repo": "hyprgraphics",
        "rev": "50fb9f069219f338a11cf0bcccb9e58357d67757",
        "type": "github"
      },
      "original": {
        "owner": "hyprwm",
        "repo": "hyprgraphics",
        "type": "github"
      }
    },
    "hyprland": {
      "inputs": {
        "aquamarine": "aquamarine",
        "hyprcursor": "hyprcursor",
        "hyprgraphics": "hyprgraphics",
        "hyprland-guiutils": "hyprland-guiutils",
        "hyprland-protocols": "hyprland-protocols",
        "hyprlang": "hyprlang",
        "hyprutils": "hyprutils",
        "hyprwayland-scanner": "hyprwayland-scanner",
        "nixpkgs": "nixpkgs",
        "pre-commit-hooks": "pre-commit-hooks",
        "systems": "systems",
        "xdph": "xdph"
      },
      "locked": {
        "lastModified": 1762992484,
        "narHash": "sha256-KsMb0niSk2zxZcSWjIkgcDIGwoKZXDYXdw9lVKdgga8=",
        "owner": "hyprwm",
        "repo": "Hyprland",
        "rev": "64ee8f8a72d62069a6bef45ca05bef1d0d412e1f",
        "type": "github"
      },
      "original": {
        "owner": "hyprwm",
        "repo": "Hyprland",
        "type": "github"
      }
    },
    "hyprland-guiutils": {
      "inputs": {
        "aquamarine": [
          "hyprland",
          "aquamarine"
        ],
        "hyprgraphics": [
          "hyprland",
          "hyprgraphics"
        ],
        "hyprlang": [
          "hyprland",
          "hyprlang"
        ],
        "hyprtoolkit": "hyprtoolkit",
        "hyprutils": [
          "hyprland",
          "hyprutils"
        ],
        "hyprwayland-scanner": [
          "hyprland",
          "hyprwayland-scanner"
        ],
        "nixpkgs": [
          "hyprland",
          "nixpkgs"
        ],
        "systems": [
          "hyprland",
          "systems"
        ]
      },
      "locked": {
        "lastModified": 1762755186,
        "narHash": "sha256-ZjjETUHtoEhVN7JI1Cbt3p/KcXpK8ZQaPHx7UkG1OgA=",
        "owner": "hyprwm",
        "repo": "hyprland-guiutils",
        "rev": "66356e20a8ed348aa49c1b9ceace786e224225b3",
        "type": "github"
      },
      "original": {
        "owner": "hyprwm",
        "repo": "hyprland-guiutils",
        "type": "github"
      }
    },
    "hyprland-plugins": {
      "inputs": {
        "hyprland": [
          "hyprland"
        ],
        "nixpkgs": [
          "hyprland-plugins",
          "hyprland",
          "nixpkgs"
        ],
        "systems": [
          "hyprland-plugins",
          "hyprland",
          "systems"
        ]
      },
      "locked": {
        "lastModified": 1760659005,
        "narHash": "sha256-wyS6tXYJuzbwckOeaCoRtT4qIG2UZ0YvSZx7EBNjTV0=",
        "owner": "hyprwm",
        "repo": "hyprland-plugins",
        "rev": "a5a6f93d72d5fb37e78b98c756cfd8b340e71a19",
        "type": "github"
      },
      "original": {
        "owner": "hyprwm",
        "repo": "hyprland-plugins",
        "type": "github"
      }
    },
    "hyprland-protocols": {
      "inputs": {
        "nixpkgs": [
          "hyprland",
          "nixpkgs"
        ],
        "systems": [
          "hyprland",
          "systems"
        ]
      },
      "locked": {
        "lastModified": 1759610243,
        "narHash": "sha256-+KEVnKBe8wz+a6dTLq8YDcF3UrhQElwsYJaVaHXJtoI=",
        "owner": "hyprwm",
        "repo": "hyprland-protocols",
        "rev": "bd153e76f751f150a09328dbdeb5e4fab9d23622",
        "type": "github"
      },
      "original": {
        "owner": "hyprwm",
        "repo": "hyprland-protocols",
        "type": "github"
      }
    },
    "hyprland-qt-support": {
      "inputs": {
        "hyprlang": "hyprlang_3",
        "nixpkgs": [
          "hyprsysteminfo",
          "nixpkgs"
        ],
        "systems": [
          "hyprsysteminfo",
          "systems"
        ]
      },
      "locked": {
        "lastModified": 1737634706,
        "narHash": "sha256-nGCibkfsXz7ARx5R+SnisRtMq21IQIhazp6viBU8I/A=",
        "owner": "hyprwm",
        "repo": "hyprland-qt-support",
        "rev": "8810df502cdee755993cb803eba7b23f189db795",
        "type": "github"
      },
      "original": {
        "owner": "hyprwm",
        "repo": "hyprland-qt-support",
        "type": "github"
      }
    },
    "hyprlang": {
      "inputs": {
        "hyprutils": [
          "hyprland",
          "hyprutils"
        ],
        "nixpkgs": [
          "hyprland",
          "nixpkgs"
        ],
        "systems": [
          "hyprland",
          "systems"
        ]
      },
      "locked": {
        "lastModified": 1758927902,
        "narHash": "sha256-LZgMds7M94+vuMql2bERQ6LiFFdhgsEFezE4Vn+Ys3A=",
        "owner": "hyprwm",
        "repo": "hyprlang",
        "rev": "4dafa28d4f79877d67a7d1a654cddccf8ebf15da",
        "type": "github"
      },
      "original": {
        "owner": "hyprwm",
        "repo": "hyprlang",
        "type": "github"
      }
    },
    "hyprlang_2": {
      "inputs": {
        "hyprutils": [
          "hyprpwcenter",
          "hyprtoolkit",
          "hyprutils"
        ],
        "nixpkgs": [
          "hyprpwcenter",
          "hyprtoolkit",
          "nixpkgs"
        ],
        "systems": [
          "hyprpwcenter",
          "hyprtoolkit",
          "systems"
        ]
      },
      "locked": {
        "lastModified": 1758927902,
        "narHash": "sha256-LZgMds7M94+vuMql2bERQ6LiFFdhgsEFezE4Vn+Ys3A=",
        "owner": "hyprwm",
        "repo": "hyprlang",
        "rev": "4dafa28d4f79877d67a7d1a654cddccf8ebf15da",
        "type": "github"
      },
      "original": {
        "owner": "hyprwm",
        "repo": "hyprlang",
        "type": "github"
      }
    },
    "hyprlang_3": {
      "inputs": {
        "hyprutils": "hyprutils_3",
        "nixpkgs": [
          "hyprsysteminfo",
          "hyprland-qt-support",
          "nixpkgs"
        ],
        "systems": [
          "hyprsysteminfo",
          "hyprland-qt-support",
          "systems"
        ]
      },
      "locked": {
        "lastModified": 1737634606,
        "narHash": "sha256-W7W87Cv6wqZ9PHegI6rH1+ve3zJPiyevMFf0/HwdbCQ=",
        "owner": "hyprwm",
        "repo": "hyprlang",
        "rev": "f41271d35cc0f370d300413d756c2677f386af9d",
        "type": "github"
      },
      "original": {
        "owner": "hyprwm",
        "repo": "hyprlang",
        "type": "github"
      }
    },
    "hyprpwcenter": {
      "inputs": {
        "aquamarine": "aquamarine_2",
        "hyprgraphics": "hyprgraphics_2",
        "hyprtoolkit": "hyprtoolkit_2",
        "hyprutils": "hyprutils_2",
        "nixpkgs": "nixpkgs_2",
        "systems": "systems_2"
      },
      "locked": {
        "lastModified": 1762269187,
        "narHash": "sha256-9tVqzNU1LZe0oXFo152Pbi0RI3ftY9GHzrxD4PYdAjs=",
        "owner": "hyprwm",
        "repo": "hyprpwcenter",
        "rev": "8987aab182c51b91148c863c9057354ed79a9a24",
        "type": "github"
      },
      "original": {
        "owner": "hyprwm",
        "repo": "hyprpwcenter",
        "type": "github"
      }
    },
    "hyprsysteminfo": {
      "inputs": {
        "hyprland-qt-support": "hyprland-qt-support",
        "hyprutils": "hyprutils_4",
        "nixpkgs": "nixpkgs_3",
        "systems": "systems_3"
      },
      "locked": {
        "lastModified": 1759530744,
        "narHash": "sha256-8kYeWF9A9YWlmMK/56CFWFwQRgjZ616ScWwL37binP8=",
        "owner": "hyprwm",
        "repo": "hyprsysteminfo",
        "rev": "fe81610278676d26ff47f62770ac238220285d3a",
        "type": "github"
      },
      "original": {
        "owner": "hyprwm",
        "repo": "hyprsysteminfo",
        "type": "github"
      }
    },
    "hyprtoolkit": {
      "inputs": {
        "aquamarine": [
          "hyprland",
          "hyprland-guiutils",
          "aquamarine"
        ],
        "hyprgraphics": [
          "hyprland",
          "hyprland-guiutils",
          "hyprgraphics"
        ],
        "hyprlang": [
          "hyprland",
          "hyprland-guiutils",
          "hyprlang"
        ],
        "hyprutils": [
          "hyprland",
          "hyprland-guiutils",
          "hyprutils"
        ],
        "hyprwayland-scanner": [
          "hyprland",
          "hyprland-guiutils",
          "hyprwayland-scanner"
        ],
        "nixpkgs": [
          "hyprland",
          "hyprland-guiutils",
          "nixpkgs"
        ],
        "systems": [
          "hyprland",
          "hyprland-guiutils",
          "systems"
        ]
      },
      "locked": {
        "lastModified": 1762463729,
        "narHash": "sha256-2fYkU/mdz8WKY3dkDPlE/j6hTxIwqultsx4gMMsMns0=",
        "owner": "hyprwm",
        "repo": "hyprtoolkit",
        "rev": "88483bdee5329ec985f0c8f834c519cd18cfe532",
        "type": "github"
      },
      "original": {
        "owner": "hyprwm",
        "repo": "hyprtoolkit",
        "type": "github"
      }
    },
    "hyprtoolkit_2": {
      "inputs": {
        "aquamarine": [
          "hyprpwcenter",
          "aquamarine"
        ],
        "hyprgraphics": [
          "hyprpwcenter",
          "hyprgraphics"
        ],
        "hyprlang": "hyprlang_2",
        "hyprutils": [
          "hyprpwcenter",
          "hyprutils"
        ],
        "hyprwayland-scanner": "hyprwayland-scanner_3",
        "nixpkgs": [
          "hyprpwcenter",
          "nixpkgs"
        ],
        "systems": [
          "hyprpwcenter",
          "systems"
        ]
      },
      "locked": {
        "lastModified": 1761593768,
        "narHash": "sha256-YTI/15KxwMDlazah294Fns0D0M+WGrQhGIYFr5SuJfM=",
        "owner": "hyprwm",
        "repo": "hyprtoolkit",
        "rev": "0d1c886d5f7d0864b4c67c9dbfe460e821aecb3c",
        "type": "github"
      },
      "original": {
        "owner": "hyprwm",
        "repo": "hyprtoolkit",
        "type": "github"
      }
    },
    "hyprutils": {
      "inputs": {
        "nixpkgs": [
          "hyprland",
          "nixpkgs"
        ],
        "systems": [
          "hyprland",
          "systems"
        ]
      },
      "locked": {
        "lastModified": 1762387740,
        "narHash": "sha256-gQ9zJ+pUI4o+Gh4Z6jhJll7jjCSwi8ZqJIhCE2oqwhQ=",
        "owner": "hyprwm",
        "repo": "hyprutils",
        "rev": "926689ddb9c0a8787e58c02c765a62e32d63d1f7",
        "type": "github"
      },
      "original": {
        "owner": "hyprwm",
        "repo": "hyprutils",
        "type": "github"
      }
    },
    "hyprutils_2": {
      "inputs": {
        "nixpkgs": [
          "hyprpwcenter",
          "nixpkgs"
        ],
        "systems": [
          "hyprpwcenter",
          "systems"
        ]
      },
      "locked": {
        "lastModified": 1759619523,
        "narHash": "sha256-r1ed7AR2ZEb2U8gy321/Xcp1ho2tzn+gG1te/Wxsj1A=",
        "owner": "hyprwm",
        "repo": "hyprutils",
        "rev": "3df7bde01efb3a3e8e678d1155f2aa3f19e177ef",
        "type": "github"
      },
      "original": {
        "owner": "hyprwm",
        "repo": "hyprutils",
        "type": "github"
      }
    },
    "hyprutils_3": {
      "inputs": {
        "nixpkgs": [
          "hyprsysteminfo",
          "hyprland-qt-support",
          "hyprlang",
          "nixpkgs"
        ],
        "systems": [
          "hyprsysteminfo",
          "hyprland-qt-support",
          "hyprlang",
          "systems"
        ]
      },
      "locked": {
        "lastModified": 1737632363,
        "narHash": "sha256-X9I8POSlHxBVjD0fiX1O2j7U9Zi1+4rIkrsyHP0uHXY=",
        "owner": "hyprwm",
        "repo": "hyprutils",
        "rev": "006620eb29d54ea9086538891404c78563d1bae1",
        "type": "github"
      },
      "original": {
        "owner": "hyprwm",
        "repo": "hyprutils",
        "type": "github"
      }
    },
    "hyprutils_4": {
      "inputs": {
        "nixpkgs": [
          "hyprsysteminfo",
          "nixpkgs"
        ],
        "systems": [
          "hyprsysteminfo",
          "systems"
        ]
      },
      "locked": {
        "lastModified": 1737632363,
        "narHash": "sha256-X9I8POSlHxBVjD0fiX1O2j7U9Zi1+4rIkrsyHP0uHXY=",
        "owner": "hyprwm",
        "repo": "hyprutils",
        "rev": "006620eb29d54ea9086538891404c78563d1bae1",
        "type": "github"
      },
      "original": {
        "owner": "hyprwm",
        "repo": "hyprutils",
        "type": "github"
      }
    },
    "hyprwayland-scanner": {
      "inputs": {
        "nixpkgs": [
          "hyprland",
          "nixpkgs"
        ],
        "systems": [
          "hyprland",
          "systems"
        ]
      },
      "locked": {
        "lastModified": 1755184602,
        "narHash": "sha256-RCBQN8xuADB0LEgaKbfRqwm6CdyopE1xIEhNc67FAbw=",
        "owner": "hyprwm",
        "repo": "hyprwayland-scanner",
        "rev": "b3b0f1f40ae09d4447c20608e5a4faf8bf3c492d",
        "type": "github"
      },
      "original": {
        "owner": "hyprwm",
        "repo": "hyprwayland-scanner",
        "type": "github"
      }
    },
    "hyprwayland-scanner_2": {
      "inputs": {
        "nixpkgs": [
          "hyprpwcenter",
          "aquamarine",
          "nixpkgs"
        ],
        "systems": [
          "hyprpwcenter",
          "aquamarine",
          "systems"
        ]
      },
      "locked": {
        "lastModified": 1751897909,
        "narHash": "sha256-FnhBENxihITZldThvbO7883PdXC/2dzW4eiNvtoV5Ao=",
        "owner": "hyprwm",
        "repo": "hyprwayland-scanner",
        "rev": "fcca0c61f988a9d092cbb33e906775014c61579d",
        "type": "github"
      },
      "original": {
        "owner": "hyprwm",
        "repo": "hyprwayland-scanner",
        "type": "github"
      }
    },
    "hyprwayland-scanner_3": {
      "inputs": {
        "nixpkgs": [
          "hyprpwcenter",
          "hyprtoolkit",
          "nixpkgs"
        ],
        "systems": [
          "hyprpwcenter",
          "hyprtoolkit",
          "systems"
        ]
      },
      "locked": {
        "lastModified": 1755184602,
        "narHash": "sha256-RCBQN8xuADB0LEgaKbfRqwm6CdyopE1xIEhNc67FAbw=",
        "owner": "hyprwm",
        "repo": "hyprwayland-scanner",
        "rev": "b3b0f1f40ae09d4447c20608e5a4faf8bf3c492d",
        "type": "github"
      },
      "original": {
        "owner": "hyprwm",
        "repo": "hyprwayland-scanner",
        "type": "github"
      }
    },
    "nixpkgs": {
      "locked": {
        "lastModified": 1762363567,
        "narHash": "sha256-YRqMDEtSMbitIMj+JLpheSz0pwEr0Rmy5mC7myl17xs=",
        "owner": "NixOS",
        "repo": "nixpkgs",
        "rev": "ae814fd3904b621d8ab97418f1d0f2eb0d3716f4",
        "type": "github"
      },
      "original": {
        "owner": "NixOS",
        "ref": "nixos-unstable",
        "repo": "nixpkgs",
        "type": "github"
      }
    },
    "nixpkgs_2": {
      "locked": {
        "lastModified": 1761373498,
        "narHash": "sha256-Q/uhWNvd7V7k1H1ZPMy/vkx3F8C13ZcdrKjO7Jv7v0c=",
        "owner": "NixOS",
        "repo": "nixpkgs",
        "rev": "6a08e6bb4e46ff7fcbb53d409b253f6bad8a28ce",
        "type": "github"
      },
      "original": {
        "owner": "NixOS",
        "ref": "nixos-unstable",
        "repo": "nixpkgs",
        "type": "github"
      }
    },
    "nixpkgs_3": {
      "locked": {
        "lastModified": 1737469691,
        "narHash": "sha256-nmKOgAU48S41dTPIXAq0AHZSehWUn6ZPrUKijHAMmIk=",
        "owner": "NixOS",
        "repo": "nixpkgs",
        "rev": "9e4d5190a9482a1fb9d18adf0bdb83c6e506eaab",
        "type": "github"
      },
      "original": {
        "owner": "NixOS",
        "ref": "nixos-unstable",
        "repo": "nixpkgs",
        "type": "github"
      }
    },
    "nixpkgs_4": {
      "locked": {
        "lastModified": 1762111121,
        "narHash": "sha256-4vhDuZ7OZaZmKKrnDpxLZZpGIJvAeMtK6FKLJYUtAdw=",
        "owner": "nixos",
        "repo": "nixpkgs",
        "rev": "b3d51a0365f6695e7dd5cdf3e180604530ed33b4",
        "type": "github"
      },
      "original": {
        "owner": "nixos",
        "ref": "nixos-unstable",
        "repo": "nixpkgs",
        "type": "github"
      }
    },
    "pre-commit-hooks": {
      "inputs": {
        "flake-compat": "flake-compat",
        "gitignore": "gitignore",
        "nixpkgs": [
          "hyprland",
          "nixpkgs"
        ]
      },
      "locked": {
        "lastModified": 1762441963,
        "narHash": "sha256-j+rNQ119ffYUkYt2YYS6rnd6Jh/crMZmbqpkGLXaEt0=",
        "owner": "cachix",
        "repo": "git-hooks.nix",
        "rev": "8e7576e79b88c16d7ee3bbd112c8d90070832885",
        "type": "github"
      },
      "original": {
        "owner": "cachix",
        "repo": "git-hooks.nix",
        "type": "github"
      }
    },
    "quickshell": {
      "inputs": {
        "nixpkgs": [
          "nixpkgs"
        ]
      },
      "locked": {
        "lastModified": 1761897390,
        "narHash": "sha256-er4gYrIoThYLjlsOMTysoRfn67d1Gci+ZpqDrtQxrA0=",
        "owner": "quickshell-mirror",
        "repo": "quickshell",
        "rev": "fc704e6b5d445899a1565955268c91942a4f263f",
        "type": "github"
      },
      "original": {
        "owner": "quickshell-mirror",
        "repo": "quickshell",
        "type": "github"
      }
    },
    "root": {
      "inputs": {
        "dankMaterialShell": "dankMaterialShell",
        "home-manager": "home-manager",
        "hyprland": "hyprland",
        "hyprland-plugins": "hyprland-plugins",
        "hyprpwcenter": "hyprpwcenter",
        "hyprsysteminfo": "hyprsysteminfo",
        "nixpkgs": "nixpkgs_4",
        "quickshell": "quickshell"
      }
    },
    "systems": {
      "locked": {
        "lastModified": 1689347949,
        "narHash": "sha256-12tWmuL2zgBgZkdoB6qXZsgJEH9LR3oUgpaQq2RbI80=",
        "owner": "nix-systems",
        "repo": "default-linux",
        "rev": "31732fcf5e8fea42e59c2488ad31a0e651500f68",
        "type": "github"
      },
      "original": {
        "owner": "nix-systems",
        "repo": "default-linux",
        "type": "github"
      }
    },
    "systems_2": {
      "locked": {
        "lastModified": 1689347949,
        "narHash": "sha256-12tWmuL2zgBgZkdoB6qXZsgJEH9LR3oUgpaQq2RbI80=",
        "owner": "nix-systems",
        "repo": "default-linux",
        "rev": "31732fcf5e8fea42e59c2488ad31a0e651500f68",
        "type": "github"
      },
      "original": {
        "owner": "nix-systems",
        "repo": "default-linux",
        "type": "github"
      }
    },
    "systems_3": {
      "locked": {
        "lastModified": 1689347949,
        "narHash": "sha256-12tWmuL2zgBgZkdoB6qXZsgJEH9LR3oUgpaQq2RbI80=",
        "owner": "nix-systems",
        "repo": "default-linux",
        "rev": "31732fcf5e8fea42e59c2488ad31a0e651500f68",
        "type": "github"
      },
      "original": {
        "owner": "nix-systems",
        "repo": "default-linux",
        "type": "github"
      }
    },
    "xdph": {
      "inputs": {
        "hyprland-protocols": [
          "hyprland",
          "hyprland-protocols"
        ],
        "hyprlang": [
          "hyprland",
          "hyprlang"
        ],
        "hyprutils": [
          "hyprland",
          "hyprutils"
        ],
        "hyprwayland-scanner": [
          "hyprland",
          "hyprwayland-scanner"
        ],
        "nixpkgs": [
          "hyprland",
          "nixpkgs"
        ],
        "systems": [
          "hyprland",
          "systems"
        ]
      },
      "locked": {
        "lastModified": 1761431178,
        "narHash": "sha256-xzjC1CV3+wpUQKNF+GnadnkeGUCJX+vgaWIZsnz9tzI=",
        "owner": "hyprwm",
        "repo": "xdg-desktop-portal-hyprland",
        "rev": "4b8801228ff958d028f588f0c2b911dbf32297f9",
        "type": "github"
      },
      "original": {
        "owner": "hyprwm",
        "repo": "xdg-desktop-portal-hyprland",
        "type": "github"
      }
    }
  },
  "root": "root",
  "version": 7
}
