{
  "nodes": {
    "aquamarine": {
      "inputs": {
        "hyprutils": [
          "hyprland",
          "hyprutils"
        ],
        "hyprwayland-scanner": [
          "hyprland",
          "hyprwayland-scanner"
        ],
        "nixpkgs": [
          "hyprland",
          "nixpkgs"
        ],
        "systems": [
          "hyprland",
          "systems"
        ]
      },
      "locked": {
        "lastModified": 1763922789,
        "narHash": "sha256-XnkWjCpeXfip9tqYdL0b0zzBDjq+dgdISvEdSVGdVyA=",
        "owner": "hyprwm",
        "repo": "aquamarine",
        "rev": "a20a0e67a33b6848378a91b871b89588d3a12573",
        "type": "github"
      },
      "original": {
        "owner": "hyprwm",
        "repo": "aquamarine",
        "type": "github"
      }
    },
    "aquamarine_2": {
      "inputs": {
        "hyprutils": [
          "hyprpwcenter",
          "hyprutils"
        ],
        "hyprwayland-scanner": "hyprwayland-scanner_2",
        "nixpkgs": [
          "hyprpwcenter",
          "nixpkgs"
        ],
        "systems": [
          "hyprpwcenter",
          "systems"
        ]
      },
      "locked": {
        "lastModified": 1761420899,
        "narHash": "sha256-kxGCip6GNbcbNWKu4J2iKbNYfFTS8Zbjg9CWp0zmFoM=",
        "owner": "hyprwm",
        "repo": "aquamarine",
        "rev": "62479232aae42c1ef09c2c027c8cfd91df060897",
        "type": "github"
      },
      "original": {
        "owner": "hyprwm",
        "repo": "aquamarine",
        "type": "github"
      }
    },
    "dankMaterialShell": {
      "inputs": {
        "dgop": "dgop",
        "nixpkgs": [
          "nixpkgs"
        ]
      },
      "locked": {
        "lastModified": 1764650935,
        "narHash": "sha256-WGNMbRgdVKaqhe2T/rP3b0GMre0IZuiRfNALiaKPznA=",
        "owner": "AvengeMedia",
        "repo": "DankMaterialShell",
        "rev": "f96a2e2325a364bb347054cd2ac2de145bc417dd",
        "type": "github"
      },
      "original": {
        "owner": "AvengeMedia",
        "repo": "DankMaterialShell",
        "type": "github"
      }
    },
    "dgop": {
      "inputs": {
        "nixpkgs": [
          "dankMaterialShell",
          "nixpkgs"
        ]
      },
      "locked": {
        "lastModified": 1762435535,
        "narHash": "sha256-QhzRn7pYN35IFpKjjxJAj3GPJECuC+VLhoGem3ezycc=",
        "owner": "AvengeMedia",
        "repo": "dgop",
        "rev": "6cf638dde818f9f8a2e26d0243179c43cb3458d7",
        "type": "github"
      },
      "original": {
        "owner": "AvengeMedia",
        "repo": "dgop",
        "type": "github"
      }
    },
    "flake-compat": {
      "flake": false,
      "locked": {
        "lastModified": 1761588595,
        "narHash": "sha256-XKUZz9zewJNUj46b4AJdiRZJAvSZ0Dqj2BNfXvFlJC4=",
        "owner": "edolstra",
        "repo": "flake-compat",
        "rev": "f387cd2afec9419c8ee37694406ca490c3f34ee5",
        "type": "github"
      },
      "original": {
        "owner": "edolstra",
        "repo": "flake-compat",
        "type": "github"
      }
    },
    "focus-editor": {
      "inputs": {
        "nixpkgs": [
          "nixpkgs"
        ]
      },
      "locked": {
        "path": "./pkgs/focus",
        "type": "path"
      },
      "original": {
        "path": "./pkgs/focus",
        "type": "path"
      },
      "parent": []
    },
    "gitignore": {
      "inputs": {
        "nixpkgs": [
          "hyprland",
          "pre-commit-hooks",
          "nixpkgs"
        ]
      },
      "locked": {
        "lastModified": 1709087332,
        "narHash": "sha256-HG2cCnktfHsKV0s4XW83gU3F57gaTljL9KNSuG6bnQs=",
        "owner": "hercules-ci",
        "repo": "gitignore.nix",
        "rev": "637db329424fd7e46cf4185293b9cc8c88c95394",
        "type": "github"
      },
      "original": {
        "owner": "hercules-ci",
        "repo": "gitignore.nix",
        "type": "github"
      }
    },
    "home-manager": {
      "inputs": {
        "nixpkgs": [
          "nixpkgs"
        ]
      },
      "locked": {
        "lastModified": 1762367206,
        "narHash": "sha256-c/164YOPkV09BH8KIUdvVvJs3VF2LNIbE2piKGgXPxk=",
        "owner": "nix-community",
        "repo": "home-manager",
        "rev": "af119feb17cb242398e0fb97f92b867d25882522",
        "type": "github"
      },
      "original": {
        "owner": "nix-community",
        "repo": "home-manager",
        "type": "github"
      }
    },
    "hyprcursor": {
      "inputs": {
        "hyprlang": [
          "hyprland",
          "hyprlang"
        ],
        "nixpkgs": [
          "hyprland",
          "nixpkgs"
        ],
        "systems": [
          "hyprland",
          "systems"
        ]
      },
      "locked": {
        "lastModified": 1753964049,
        "narHash": "sha256-lIqabfBY7z/OANxHoPeIrDJrFyYy9jAM4GQLzZ2feCM=",
        "owner": "hyprwm",
        "repo": "hyprcursor",
        "rev": "44e91d467bdad8dcf8bbd2ac7cf49972540980a5",
        "type": "github"
      },
      "original": {
        "owner": "hyprwm",
        "repo": "hyprcursor",
        "type": "github"
      }
    },
    "hyprgraphics": {
      "inputs": {
        "hyprutils": [
          "hyprland",
          "hyprutils"
        ],
        "nixpkgs": [
          "hyprland",
          "nixpkgs"
        ],
        "systems": [
          "hyprland",
          "systems"
        ]
      },
      "locked": {
        "lastModified": 1763733840,
        "narHash": "sha256-JnET78yl5RvpGuDQy3rCycOCkiKoLr5DN1fPhRNNMco=",
        "owner": "hyprwm",
        "repo": "hyprgraphics",
        "rev": "8f1bec691b2d198c60cccabca7a94add2df4ed1a",
        "type": "github"
      },
      "original": {
        "owner": "hyprwm",
        "repo": "hyprgraphics",
        "type": "github"
      }
    },
    "hyprgraphics_2": {
      "inputs": {
        "hyprutils": [
          "hyprpwcenter",
          "hyprutils"
        ],
        "nixpkgs": [
          "hyprpwcenter",
          "nixpkgs"
        ],
        "systems": [
          "hyprpwcenter",
          "systems"
        ]
      },
      "locked": {
        "lastModified": 1760445448,
        "narHash": "sha256-fXGjL6dw31FPFRrmIemzGiNSlfvEJTJNsmadZi+qNhI=",
        "owner": "hyprwm",
        "repo": "hyprgraphics",
        "rev": "50fb9f069219f338a11cf0bcccb9e58357d67757",
        "type": "github"
      },
      "original": {
        "owner": "hyprwm",
        "repo": "hyprgraphics",
        "type": "github"
      }
    },
    "hyprland": {
      "inputs": {
        "aquamarine": "aquamarine",
        "hyprcursor": "hyprcursor",
        "hyprgraphics": "hyprgraphics",
        "hyprland-guiutils": "hyprland-guiutils",
        "hyprland-protocols": "hyprland-protocols",
        "hyprlang": "hyprlang",
        "hyprutils": "hyprutils",
        "hyprwayland-scanner": "hyprwayland-scanner",
        "nixpkgs": "nixpkgs",
        "pre-commit-hooks": "pre-commit-hooks",
        "systems": "systems",
        "xdph": "xdph"
      },
      "locked": {
        "lastModified": 1764607679,
        "narHash": "sha256-1Bsem6lhJWMQmkLIml5oKOL+z1dYMewZ6ql0K35Y3TA=",
        "owner": "hyprwm",
        "repo": "Hyprland",
        "rev": "f82a8630d7a51dab4cc70924f500bf70e723db12",
        "type": "github"
      },
      "original": {
        "owner": "hyprwm",
        "repo": "Hyprland",
        "type": "github"
      }
    },
    "hyprland-guiutils": {
      "inputs": {
        "aquamarine": [
          "hyprland",
          "aquamarine"
        ],
        "hyprgraphics": [
          "hyprland",
          "hyprgraphics"
        ],
        "hyprlang": [
          "hyprland",
          "hyprlang"
        ],
        "hyprtoolkit": "hyprtoolkit",
        "hyprutils": [
          "hyprland",
          "hyprutils"
        ],
        "hyprwayland-scanner": [
          "hyprland",
          "hyprwayland-scanner"
        ],
        "nixpkgs": [
          "hyprland",
          "nixpkgs"
        ],
        "systems": [
          "hyprland",
          "systems"
        ]
      },
      "locked": {
        "lastModified": 1763727565,
        "narHash": "sha256-vRff/2R1U1jzPBy4OODqh2kfUzmizW/nfV2ROzTDIKo=",
        "owner": "hyprwm",
        "repo": "hyprland-guiutils",
        "rev": "7724d3a12a0453e7aae05f2ef39474219f05a4b4",
        "type": "github"
      },
      "original": {
        "owner": "hyprwm",
        "repo": "hyprland-guiutils",
        "type": "github"
      }
    },
    "hyprland-plugins": {
      "inputs": {
        "hyprland": [
          "hyprland"
        ],
        "nixpkgs": [
          "hyprland-plugins",
          "hyprland",
          "nixpkgs"
        ],
        "systems": [
          "hyprland-plugins",
          "hyprland",
          "systems"
        ]
      },
      "locked": {
        "lastModified": 1764636589,
        "narHash": "sha256-8j0QzbFF3QindJZ0DVEwLA1Ty1/4t4hcU5zHGQ2meI8=",
        "owner": "hyprwm",
        "repo": "hyprland-plugins",
        "rev": "8f796f7cec39e7a9aa2bb65d28006025e1bc14ae",
        "type": "github"
      },
      "original": {
        "owner": "hyprwm",
        "repo": "hyprland-plugins",
        "type": "github"
      }
    },
    "hyprland-protocols": {
      "inputs": {
        "nixpkgs": [
          "hyprland",
          "nixpkgs"
        ],
        "systems": [
          "hyprland",
          "systems"
        ]
      },
      "locked": {
        "lastModified": 1759610243,
        "narHash": "sha256-+KEVnKBe8wz+a6dTLq8YDcF3UrhQElwsYJaVaHXJtoI=",
        "owner": "hyprwm",
        "repo": "hyprland-protocols",
        "rev": "bd153e76f751f150a09328dbdeb5e4fab9d23622",
        "type": "github"
      },
      "original": {
        "owner": "hyprwm",
        "repo": "hyprland-protocols",
        "type": "github"
      }
    },
    "hyprland-qt-support": {
      "inputs": {
        "hyprlang": "hyprlang_3",
        "nixpkgs": [
          "hyprsysteminfo",
          "nixpkgs"
        ],
        "systems": [
          "hyprsysteminfo",
          "systems"
        ]
      },
      "locked": {
        "lastModified": 1737634706,
        "narHash": "sha256-nGCibkfsXz7ARx5R+SnisRtMq21IQIhazp6viBU8I/A=",
        "owner": "hyprwm",
        "repo": "hyprland-qt-support",
        "rev": "8810df502cdee755993cb803eba7b23f189db795",
        "type": "github"
      },
      "original": {
        "owner": "hyprwm",
        "repo": "hyprland-qt-support",
        "type": "github"
      }
    },
    "hyprlang": {
      "inputs": {
        "hyprutils": [
          "hyprland",
          "hyprutils"
        ],
        "nixpkgs": [
          "hyprland",
          "nixpkgs"
        ],
        "systems": [
          "hyprland",
          "systems"
        ]
      },
      "locked": {
        "lastModified": 1763819661,
        "narHash": "sha256-0jLarTR/BLWdGlboM86bPVP2zKJNI2jvo3JietnDkOM=",
        "owner": "hyprwm",
        "repo": "hyprlang",
        "rev": "a318deec0c12409ec39c68d2be8096b636dc2a5c",
        "type": "github"
      },
      "original": {
        "owner": "hyprwm",
        "repo": "hyprlang",
        "type": "github"
      }
    },
    "hyprlang_2": {
      "inputs": {
        "hyprutils": [
          "hyprpwcenter",
          "hyprtoolkit",
          "hyprutils"
        ],
        "nixpkgs": [
          "hyprpwcenter",
          "hyprtoolkit",
          "nixpkgs"
        ],
        "systems": [
          "hyprpwcenter",
          "hyprtoolkit",
          "systems"
        ]
      },
      "locked": {
        "lastModified": 1758927902,
        "narHash": "sha256-LZgMds7M94+vuMql2bERQ6LiFFdhgsEFezE4Vn+Ys3A=",
        "owner": "hyprwm",
        "repo": "hyprlang",
        "rev": "4dafa28d4f79877d67a7d1a654cddccf8ebf15da",
        "type": "github"
      },
      "original": {
        "owner": "hyprwm",
        "repo": "hyprlang",
        "type": "github"
      }
    },
    "hyprlang_3": {
      "inputs": {
        "hyprutils": "hyprutils_3",
        "nixpkgs": [
          "hyprsysteminfo",
          "hyprland-qt-support",
          "nixpkgs"
        ],
        "systems": [
          "hyprsysteminfo",
          "hyprland-qt-support",
          "systems"
        ]
      },
      "locked": {
        "lastModified": 1737634606,
        "narHash": "sha256-W7W87Cv6wqZ9PHegI6rH1+ve3zJPiyevMFf0/HwdbCQ=",
        "owner": "hyprwm",
        "repo": "hyprlang",
        "rev": "f41271d35cc0f370d300413d756c2677f386af9d",
        "type": "github"
      },
      "original": {
        "owner": "hyprwm",
        "repo": "hyprlang",
        "type": "github"
      }
    },
    "hyprpwcenter": {
      "inputs": {
        "aquamarine": "aquamarine_2",
        "hyprgraphics": "hyprgraphics_2",
        "hyprtoolkit": "hyprtoolkit_2",
        "hyprutils": "hyprutils_2",
        "nixpkgs": "nixpkgs_2",
        "systems": "systems_2"
      },
      "locked": {
        "lastModified": 1762269187,
        "narHash": "sha256-9tVqzNU1LZe0oXFo152Pbi0RI3ftY9GHzrxD4PYdAjs=",
        "owner": "hyprwm",
        "repo": "hyprpwcenter",
        "rev": "8987aab182c51b91148c863c9057354ed79a9a24",
        "type": "github"
      },
      "original": {
        "owner": "hyprwm",
        "repo": "hyprpwcenter",
        "type": "github"
      }
    },
    "hyprsysteminfo": {
      "inputs": {
        "hyprland-qt-support": "hyprland-qt-support",
        "hyprutils": "hyprutils_4",
        "nixpkgs": "nixpkgs_3",
        "systems": "systems_3"
      },
      "locked": {
        "lastModified": 1759530744,
        "narHash": "sha256-8kYeWF9A9YWlmMK/56CFWFwQRgjZ616ScWwL37binP8=",
        "owner": "hyprwm",
        "repo": "hyprsysteminfo",
        "rev": "fe81610278676d26ff47f62770ac238220285d3a",
        "type": "github"
      },
      "original": {
        "owner": "hyprwm",
        "repo": "hyprsysteminfo",
        "type": "github"
      }
    },
    "hyprtoolkit": {
      "inputs": {
        "aquamarine": [
          "hyprland",
          "hyprland-guiutils",
          "aquamarine"
        ],
        "hyprgraphics": [
          "hyprland",
          "hyprland-guiutils",
          "hyprgraphics"
        ],
        "hyprlang": [
          "hyprland",
          "hyprland-guiutils",
          "hyprlang"
        ],
        "hyprutils": [
          "hyprland",
          "hyprland-guiutils",
          "hyprutils"
        ],
        "hyprwayland-scanner": [
          "hyprland",
          "hyprland-guiutils",
          "hyprwayland-scanner"
        ],
        "nixpkgs": [
          "hyprland",
          "hyprland-guiutils",
          "nixpkgs"
        ],
        "systems": [
          "hyprland",
          "hyprland-guiutils",
          "systems"
        ]
      },
      "locked": {
        "lastModified": 1763503177,
        "narHash": "sha256-VPoiswJBBmTLVuNncvT/8FpFR+sYcAi/LgP/zTZ+5rA=",
        "owner": "hyprwm",
        "repo": "hyprtoolkit",
        "rev": "f4e1e12755567ecf39090203b8f43eace8279630",
        "type": "github"
      },
      "original": {
        "owner": "hyprwm",
        "repo": "hyprtoolkit",
        "type": "github"
      }
    },
    "hyprtoolkit_2": {
      "inputs": {
        "aquamarine": [
          "hyprpwcenter",
          "aquamarine"
        ],
        "hyprgraphics": [
          "hyprpwcenter",
          "hyprgraphics"
        ],
        "hyprlang": "hyprlang_2",
        "hyprutils": [
          "hyprpwcenter",
          "hyprutils"
        ],
        "hyprwayland-scanner": "hyprwayland-scanner_3",
        "nixpkgs": [
          "hyprpwcenter",
          "nixpkgs"
        ],
        "systems": [
          "hyprpwcenter",
          "systems"
        ]
      },
      "locked": {
        "lastModified": 1761593768,
        "narHash": "sha256-YTI/15KxwMDlazah294Fns0D0M+WGrQhGIYFr5SuJfM=",
        "owner": "hyprwm",
        "repo": "hyprtoolkit",
        "rev": "0d1c886d5f7d0864b4c67c9dbfe460e821aecb3c",
        "type": "github"
      },
      "original": {
        "owner": "hyprwm",
        "repo": "hyprtoolkit",
        "type": "github"
      }
    },
    "hyprutils": {
      "inputs": {
        "nixpkgs": [
          "hyprland",
          "nixpkgs"
        ],
        "systems": [
          "hyprland",
          "systems"
        ]
      },
      "locked": {
        "lastModified": 1763996058,
        "narHash": "sha256-DsqzFZvrEV+aDmavjaD4/bk5qxeZwhGxPWBQdpFyM9Y=",
        "owner": "hyprwm",
        "repo": "hyprutils",
        "rev": "0168583075baffa083032ed13a8bea8ea12f281a",
        "type": "github"
      },
      "original": {
        "owner": "hyprwm",
        "repo": "hyprutils",
        "type": "github"
      }
    },
    "hyprutils_2": {
      "inputs": {
        "nixpkgs": [
          "hyprpwcenter",
          "nixpkgs"
        ],
        "systems": [
          "hyprpwcenter",
          "systems"
        ]
      },
      "locked": {
        "lastModified": 1759619523,
        "narHash": "sha256-r1ed7AR2ZEb2U8gy321/Xcp1ho2tzn+gG1te/Wxsj1A=",
        "owner": "hyprwm",
        "repo": "hyprutils",
        "rev": "3df7bde01efb3a3e8e678d1155f2aa3f19e177ef",
        "type": "github"
      },
      "original": {
        "owner": "hyprwm",
        "repo": "hyprutils",
        "type": "github"
      }
    },
    "hyprutils_3": {
      "inputs": {
        "nixpkgs": [
          "hyprsysteminfo",
          "hyprland-qt-support",
          "hyprlang",
          "nixpkgs"
        ],
        "systems": [
          "hyprsysteminfo",
          "hyprland-qt-support",
          "hyprlang",
          "systems"
        ]
      },
      "locked": {
        "lastModified": 1737632363,
        "narHash": "sha256-X9I8POSlHxBVjD0fiX1O2j7U9Zi1+4rIkrsyHP0uHXY=",
        "owner": "hyprwm",
        "repo": "hyprutils",
        "rev": "006620eb29d54ea9086538891404c78563d1bae1",
        "type": "github"
      },
      "original": {
        "owner": "hyprwm",
        "repo": "hyprutils",
        "type": "github"
      }
    },
    "hyprutils_4": {
      "inputs": {
        "nixpkgs": [
          "hyprsysteminfo",
          "nixpkgs"
        ],
        "systems": [
          "hyprsysteminfo",
          "systems"
        ]
      },
      "locked": {
        "lastModified": 1737632363,
        "narHash": "sha256-X9I8POSlHxBVjD0fiX1O2j7U9Zi1+4rIkrsyHP0uHXY=",
        "owner": "hyprwm",
        "repo": "hyprutils",
        "rev": "006620eb29d54ea9086538891404c78563d1bae1",
        "type": "github"
      },
      "original": {
        "owner": "hyprwm",
        "repo": "hyprutils",
        "type": "github"
      }
    },
    "hyprwayland-scanner": {
      "inputs": {
        "nixpkgs": [
          "hyprland",
          "nixpkgs"
        ],
        "systems": [
          "hyprland",
          "systems"
        ]
      },
      "locked": {
        "lastModified": 1763640274,
        "narHash": "sha256-Uan1Nl9i4TF/kyFoHnTq1bd/rsWh4GAK/9/jDqLbY5A=",
        "owner": "hyprwm",
        "repo": "hyprwayland-scanner",
        "rev": "f6cf414ca0e16a4d30198fd670ec86df3c89f671",
        "type": "github"
      },
      "original": {
        "owner": "hyprwm",
        "repo": "hyprwayland-scanner",
        "type": "github"
      }
    },
    "hyprwayland-scanner_2": {
      "inputs": {
        "nixpkgs": [
          "hyprpwcenter",
          "aquamarine",
          "nixpkgs"
        ],
        "systems": [
          "hyprpwcenter",
          "aquamarine",
          "systems"
        ]
      },
      "locked": {
        "lastModified": 1751897909,
        "narHash": "sha256-FnhBENxihITZldThvbO7883PdXC/2dzW4eiNvtoV5Ao=",
        "owner": "hyprwm",
        "repo": "hyprwayland-scanner",
        "rev": "fcca0c61f988a9d092cbb33e906775014c61579d",
        "type": "github"
      },
      "original": {
        "owner": "hyprwm",
        "repo": "hyprwayland-scanner",
        "type": "github"
      }
    },
    "hyprwayland-scanner_3": {
      "inputs": {
        "nixpkgs": [
          "hyprpwcenter",
          "hyprtoolkit",
          "nixpkgs"
        ],
        "systems": [
          "hyprpwcenter",
          "hyprtoolkit",
          "systems"
        ]
      },
      "locked": {
        "lastModified": 1755184602,
        "narHash": "sha256-RCBQN8xuADB0LEgaKbfRqwm6CdyopE1xIEhNc67FAbw=",
        "owner": "hyprwm",
        "repo": "hyprwayland-scanner",
        "rev": "b3b0f1f40ae09d4447c20608e5a4faf8bf3c492d",
        "type": "github"
      },
      "original": {
        "owner": "hyprwm",
        "repo": "hyprwayland-scanner",
        "type": "github"
      }
    },
    "nixpkgs": {
      "locked": {
        "lastModified": 1763966396,
        "narHash": "sha256-6eeL1YPcY1MV3DDStIDIdy/zZCDKgHdkCmsrLJFiZf0=",
        "owner": "NixOS",
        "repo": "nixpkgs",
        "rev": "5ae3b07d8d6527c42f17c876e404993199144b6a",
        "type": "github"
      },
      "original": {
        "owner": "NixOS",
        "ref": "nixos-unstable",
        "repo": "nixpkgs",
        "type": "github"
      }
    },
    "nixpkgs_2": {
      "locked": {
        "lastModified": 1761373498,
        "narHash": "sha256-Q/uhWNvd7V7k1H1ZPMy/vkx3F8C13ZcdrKjO7Jv7v0c=",
        "owner": "NixOS",
        "repo": "nixpkgs",
        "rev": "6a08e6bb4e46ff7fcbb53d409b253f6bad8a28ce",
        "type": "github"
      },
      "original": {
        "owner": "NixOS",
        "ref": "nixos-unstable",
        "repo": "nixpkgs",
        "type": "github"
      }
    },
    "nixpkgs_3": {
      "locked": {
        "lastModified": 1737469691,
        "narHash": "sha256-nmKOgAU48S41dTPIXAq0AHZSehWUn6ZPrUKijHAMmIk=",
        "owner": "NixOS",
        "repo": "nixpkgs",
        "rev": "9e4d5190a9482a1fb9d18adf0bdb83c6e506eaab",
        "type": "github"
      },
      "original": {
        "owner": "NixOS",
        "ref": "nixos-unstable",
        "repo": "nixpkgs",
        "type": "github"
      }
    },
    "nixpkgs_4": {
      "locked": {
        "lastModified": 1762111121,
        "narHash": "sha256-4vhDuZ7OZaZmKKrnDpxLZZpGIJvAeMtK6FKLJYUtAdw=",
        "owner": "nixos",
        "repo": "nixpkgs",
        "rev": "b3d51a0365f6695e7dd5cdf3e180604530ed33b4",
        "type": "github"
      },
      "original": {
        "owner": "nixos",
        "ref": "nixos-unstable",
        "repo": "nixpkgs",
        "type": "github"
      }
    },
    "pre-commit-hooks": {
      "inputs": {
        "flake-compat": "flake-compat",
        "gitignore": "gitignore",
        "nixpkgs": [
          "hyprland",
          "nixpkgs"
        ]
      },
      "locked": {
        "lastModified": 1763988335,
        "narHash": "sha256-QlcnByMc8KBjpU37rbq5iP7Cp97HvjRP0ucfdh+M4Qc=",
        "owner": "cachix",
        "repo": "git-hooks.nix",
        "rev": "50b9238891e388c9fdc6a5c49e49c42533a1b5ce",
        "type": "github"
      },
      "original": {
        "owner": "cachix",
        "repo": "git-hooks.nix",
        "type": "github"
      }
    },
    "quickshell": {
      "inputs": {
        "nixpkgs": [
          "nixpkgs"
        ]
      },
      "locked": {
        "lastModified": 1763629934,
        "narHash": "sha256-jWz10RbNAyylJbH4cUTLS/CsDjkd8gxfT8OsIgQIgEg=",
        "owner": "quickshell-mirror",
        "repo": "quickshell",
        "rev": "ed036d514b0fdbce03158a0b331305be166f4555",
        "type": "github"
      },
      "original": {
        "owner": "quickshell-mirror",
        "repo": "quickshell",
        "type": "github"
      }
    },
    "root": {
      "inputs": {
        "dankMaterialShell": "dankMaterialShell",
        "focus-editor": "focus-editor",
        "home-manager": "home-manager",
        "hyprland": "hyprland",
        "hyprland-plugins": "hyprland-plugins",
        "hyprpwcenter": "hyprpwcenter",
        "hyprsysteminfo": "hyprsysteminfo",
        "nixpkgs": "nixpkgs_4",
        "quickshell": "quickshell"
      }
    },
    "systems": {
      "locked": {
        "lastModified": 1689347949,
        "narHash": "sha256-12tWmuL2zgBgZkdoB6qXZsgJEH9LR3oUgpaQq2RbI80=",
        "owner": "nix-systems",
        "repo": "default-linux",
        "rev": "31732fcf5e8fea42e59c2488ad31a0e651500f68",
        "type": "github"
      },
      "original": {
        "owner": "nix-systems",
        "repo": "default-linux",
        "type": "github"
      }
    },
    "systems_2": {
      "locked": {
        "lastModified": 1689347949,
        "narHash": "sha256-12tWmuL2zgBgZkdoB6qXZsgJEH9LR3oUgpaQq2RbI80=",
        "owner": "nix-systems",
        "repo": "default-linux",
        "rev": "31732fcf5e8fea42e59c2488ad31a0e651500f68",
        "type": "github"
      },
      "original": {
        "owner": "nix-systems",
        "repo": "default-linux",
        "type": "github"
      }
    },
    "systems_3": {
      "locked": {
        "lastModified": 1689347949,
        "narHash": "sha256-12tWmuL2zgBgZkdoB6qXZsgJEH9LR3oUgpaQq2RbI80=",
        "owner": "nix-systems",
        "repo": "default-linux",
        "rev": "31732fcf5e8fea42e59c2488ad31a0e651500f68",
        "type": "github"
      },
      "original": {
        "owner": "nix-systems",
        "repo": "default-linux",
        "type": "github"
      }
    },
    "xdph": {
      "inputs": {
        "hyprland-protocols": [
          "hyprland",
          "hyprland-protocols"
        ],
        "hyprlang": [
          "hyprland",
          "hyprlang"
        ],
        "hyprutils": [
          "hyprland",
          "hyprutils"
        ],
        "hyprwayland-scanner": [
          "hyprland",
          "hyprwayland-scanner"
        ],
        "nixpkgs": [
          "hyprland",
          "nixpkgs"
        ],
        "systems": [
          "hyprland",
          "systems"
        ]
      },
      "locked": {
        "lastModified": 1761431178,
        "narHash": "sha256-xzjC1CV3+wpUQKNF+GnadnkeGUCJX+vgaWIZsnz9tzI=",
        "owner": "hyprwm",
        "repo": "xdg-desktop-portal-hyprland",
        "rev": "4b8801228ff958d028f588f0c2b911dbf32297f9",
        "type": "github"
      },
      "original": {
        "owner": "hyprwm",
        "repo": "xdg-desktop-portal-hyprland",
        "type": "github"
      }
    }
  },
  "root": "root",
  "version": 7
}
